
Microsoft Visual Studio Solution File, Format Version 12.00
# Visual Studio Version 16
VisualStudioVersion = 16.0.32002.261
MinimumVisualStudioVersion = 10.0.40219.1
Project("{9A19103F-16F7-4668-BE54-9A1E7A4F7556}") = "Bookstore", "Bookstore.csproj", "{8A54EA65-D9E9-4D7C-9248-8DE8CF361501}"
EndProject
Global
	GlobalSection(SolutionConfigurationPlatforms) = preSolution
		Debug|Any CPU = Debug|Any CPU
		Release|Any CPU = Release|Any CPU
	EndGlobalSection
	GlobalSection(ProjectConfigurationPlatforms) = postSolution
		{8A54EA65-D9E9-4D7C-9248-8DE8CF361501}.Debug|Any CPU.ActiveCfg = Debug|Any CPU
		{8A54EA65-D9E9-4D7C-9248-8DE8CF361501}.Debug|Any CPU.Build.0 = Debug|Any CPU
		{8A54EA65-D9E9-4D7C-9248-8DE8CF361501}.Release|Any CPU.ActiveCfg = Release|Any CPU
		{8A54EA65-D9E9-4D7C-9248-8DE8CF361501}.Release|Any CPU.Build.0 = Release|Any CPU
	EndGlobalSection
	GlobalSection(SolutionProperties) = preSolution
		HideSolutionNode = FALSE
	EndGlobalSection
	GlobalSection(ExtensibilityGlobals) = postSolution
		SolutionGuid = {5B9EC797-3235-4BDF-BDFD-8855C8E65ABE}
	EndGlobalSection
EndGlobal
